
Microsoft Visual Studio Solution File, Format Version 12.00
# Visual Studio 15
VisualStudioVersion = 15.0.28307.106
MinimumVisualStudioVersion = 10.0.40219.1
Project("{FAE04EC0-301F-11D3-BF4B-00C04F79EFBC}") = "AugOutside", "AugOutside\AugOutside.csproj", "{4ED60DC5-5A75-4D24-8C75-ECA4BBD47652}"
EndProject
Global
	GlobalSection(SolutionConfigurationPlatforms) = preSolution
		Debug|Any CPU = Debug|Any CPU
		Release|Any CPU = Release|Any CPU
	EndGlobalSection
	GlobalSection(ProjectConfigurationPlatforms) = postSolution
		{4ED60DC5-5A75-4D24-8C75-ECA4BBD47652}.Debug|Any CPU.ActiveCfg = Debug|Any CPU
		{4ED60DC5-5A75-4D24-8C75-ECA4BBD47652}.Debug|Any CPU.Build.0 = Debug|Any CPU
		{4ED60DC5-5A75-4D24-8C75-ECA4BBD47652}.Release|Any CPU.ActiveCfg = Release|Any CPU
		{4ED60DC5-5A75-4D24-8C75-ECA4BBD47652}.Release|Any CPU.Build.0 = Release|Any CPU
	EndGlobalSection
	GlobalSection(SolutionProperties) = preSolution
		HideSolutionNode = FALSE
	EndGlobalSection
	GlobalSection(ExtensibilityGlobals) = postSolution
		SolutionGuid = {5786ADE9-57A8-4D15-8F6D-B119034F5E41}
	EndGlobalSection
EndGlobal
